// !$*UTF8*$!
{
	archiveVersion = 1;
	classes = {
	};
	objectVersion = 56;
	objects = {

/* Begin PBXBuildFile section */
		891DACD12BE011390013679A /* MovieListApp.swift in Sources */ = {isa = PBXBuildFile; fileRef = 891DACD02BE011390013679A /* MovieListApp.swift */; };
		891DACD32BE011390013679A /* ContentView.swift in Sources */ = {isa = PBXBuildFile; fileRef = 891DACD22BE011390013679A /* ContentView.swift */; };
		891DACD52BE0113A0013679A /* Assets.xcassets in Resources */ = {isa = PBXBuildFile; fileRef = 891DACD42BE0113A0013679A /* Assets.xcassets */; };
		891DACD92BE0113A0013679A /* Preview Assets.xcassets in Resources */ = {isa = PBXBuildFile; fileRef = 891DACD82BE0113A0013679A /* Preview Assets.xcassets */; };
		891DACE32BE0113A0013679A /* MovieListTests.swift in Sources */ = {isa = PBXBuildFile; fileRef = 891DACE22BE0113A0013679A /* MovieListTests.swift */; };
		891DACED2BE0113A0013679A /* MovieListUITests.swift in Sources */ = {isa = PBXBuildFile; fileRef = 891DACEC2BE0113A0013679A /* MovieListUITests.swift */; };
		891DACEF2BE0113A0013679A /* MovieListUITestsLaunchTests.swift in Sources */ = {isa = PBXBuildFile; fileRef = 891DACEE2BE0113A0013679A /* MovieListUITestsLaunchTests.swift */; };
		891DAD002BE0118B0013679A /* Movie.swift in Sources */ = {isa = PBXBuildFile; fileRef = 891DACFF2BE0118B0013679A /* Movie.swift */; };
		891DAD032BE013880013679A /* NetworkManager.swift in Sources */ = {isa = PBXBuildFile; fileRef = 891DAD022BE013880013679A /* NetworkManager.swift */; };
		891DAD052BE0159B0013679A /* RequestProtocol.swift in Sources */ = {isa = PBXBuildFile; fileRef = 891DAD042BE0159B0013679A /* RequestProtocol.swift */; };
		891DAD082BE01B2E0013679A /* MovieRequest.swift in Sources */ = {isa = PBXBuildFile; fileRef = 891DAD072BE01B2E0013679A /* MovieRequest.swift */; };
		891DAD0A2BE021CE0013679A /* MovieAPI.swift in Sources */ = {isa = PBXBuildFile; fileRef = 891DAD092BE021CE0013679A /* MovieAPI.swift */; };
		891DAD0C2BE0224B0013679A /* APIError.swift in Sources */ = {isa = PBXBuildFile; fileRef = 891DAD0B2BE0224B0013679A /* APIError.swift */; };
		891DAD0E2BE02D8C0013679A /* MovieView.swift in Sources */ = {isa = PBXBuildFile; fileRef = 891DAD0D2BE02D8C0013679A /* MovieView.swift */; };
		891DAD102BE042AE0013679A /* AuthorizedAsyncImage.swift in Sources */ = {isa = PBXBuildFile; fileRef = 891DAD0F2BE042AE0013679A /* AuthorizedAsyncImage.swift */; };
		891DAD132BE042CE0013679A /* ImageLoader.swift in Sources */ = {isa = PBXBuildFile; fileRef = 891DAD122BE042CE0013679A /* ImageLoader.swift */; };
		891DAD162BE060510013679A /* MovieListViewModel.swift in Sources */ = {isa = PBXBuildFile; fileRef = 891DAD152BE060510013679A /* MovieListViewModel.swift */; };
		891DAD182BE064880013679A /* MovieListView.swift in Sources */ = {isa = PBXBuildFile; fileRef = 891DAD172BE064880013679A /* MovieListView.swift */; };
		891DAD1A2BE06D670013679A /* AboutView.swift in Sources */ = {isa = PBXBuildFile; fileRef = 891DAD192BE06D670013679A /* AboutView.swift */; };
		898D8F902C7788B70074BFD2 /* Player.swift in Sources */ = {isa = PBXBuildFile; fileRef = 898D8F8F2C7788B70074BFD2 /* Player.swift */; };
/* End PBXBuildFile section */

/* Begin PBXContainerItemProxy section */
		891DACDF2BE0113A0013679A /* PBXContainerItemProxy */ = {
			isa = PBXContainerItemProxy;
			containerPortal = 891DACC52BE011390013679A /* Project object */;
			proxyType = 1;
			remoteGlobalIDString = 891DACCC2BE011390013679A;
			remoteInfo = MovieList;
		};
		891DACE92BE0113A0013679A /* PBXContainerItemProxy */ = {
			isa = PBXContainerItemProxy;
			containerPortal = 891DACC52BE011390013679A /* Project object */;
			proxyType = 1;
			remoteGlobalIDString = 891DACCC2BE011390013679A;
			remoteInfo = MovieList;
		};
/* End PBXContainerItemProxy section */

/* Begin PBXFileReference section */
		891DACCD2BE011390013679A /* MovieList.app */ = {isa = PBXFileReference; explicitFileType = wrapper.application; includeInIndex = 0; path = MovieList.app; sourceTree = BUILT_PRODUCTS_DIR; };
		891DACD02BE011390013679A /* MovieListApp.swift */ = {isa = PBXFileReference; lastKnownFileType = sourcecode.swift; path = MovieListApp.swift; sourceTree = "<group>"; };
		891DACD22BE011390013679A /* ContentView.swift */ = {isa = PBXFileReference; lastKnownFileType = sourcecode.swift; path = ContentView.swift; sourceTree = "<group>"; };
		891DACD42BE0113A0013679A /* Assets.xcassets */ = {isa = PBXFileReference; lastKnownFileType = folder.assetcatalog; path = Assets.xcassets; sourceTree = "<group>"; };
		891DACD62BE0113A0013679A /* MovieList.entitlements */ = {isa = PBXFileReference; lastKnownFileType = text.plist.entitlements; path = MovieList.entitlements; sourceTree = "<group>"; };
		891DACD82BE0113A0013679A /* Preview Assets.xcassets */ = {isa = PBXFileReference; lastKnownFileType = folder.assetcatalog; path = "Preview Assets.xcassets"; sourceTree = "<group>"; };
		891DACDE2BE0113A0013679A /* MovieListTests.xctest */ = {isa = PBXFileReference; explicitFileType = wrapper.cfbundle; includeInIndex = 0; path = MovieListTests.xctest; sourceTree = BUILT_PRODUCTS_DIR; };
		891DACE22BE0113A0013679A /* MovieListTests.swift */ = {isa = PBXFileReference; lastKnownFileType = sourcecode.swift; path = MovieListTests.swift; sourceTree = "<group>"; };
		891DACE82BE0113A0013679A /* MovieListUITests.xctest */ = {isa = PBXFileReference; explicitFileType = wrapper.cfbundle; includeInIndex = 0; path = MovieListUITests.xctest; sourceTree = BUILT_PRODUCTS_DIR; };
		891DACEC2BE0113A0013679A /* MovieListUITests.swift */ = {isa = PBXFileReference; lastKnownFileType = sourcecode.swift; path = MovieListUITests.swift; sourceTree = "<group>"; };
		891DACEE2BE0113A0013679A /* MovieListUITestsLaunchTests.swift */ = {isa = PBXFileReference; lastKnownFileType = sourcecode.swift; path = MovieListUITestsLaunchTests.swift; sourceTree = "<group>"; };
		891DACFF2BE0118B0013679A /* Movie.swift */ = {isa = PBXFileReference; lastKnownFileType = sourcecode.swift; path = Movie.swift; sourceTree = "<group>"; };
		891DAD022BE013880013679A /* NetworkManager.swift */ = {isa = PBXFileReference; lastKnownFileType = sourcecode.swift; path = NetworkManager.swift; sourceTree = "<group>"; };
		891DAD042BE0159B0013679A /* RequestProtocol.swift */ = {isa = PBXFileReference; lastKnownFileType = sourcecode.swift; path = RequestProtocol.swift; sourceTree = "<group>"; };
		891DAD072BE01B2E0013679A /* MovieRequest.swift */ = {isa = PBXFileReference; lastKnownFileType = sourcecode.swift; path = MovieRequest.swift; sourceTree = "<group>"; };
		891DAD092BE021CE0013679A /* MovieAPI.swift */ = {isa = PBXFileReference; lastKnownFileType = sourcecode.swift; path = MovieAPI.swift; sourceTree = "<group>"; };
		891DAD0B2BE0224B0013679A /* APIError.swift */ = {isa = PBXFileReference; lastKnownFileType = sourcecode.swift; path = APIError.swift; sourceTree = "<group>"; };
		891DAD0D2BE02D8C0013679A /* MovieView.swift */ = {isa = PBXFileReference; lastKnownFileType = sourcecode.swift; path = MovieView.swift; sourceTree = "<group>"; };
		891DAD0F2BE042AE0013679A /* AuthorizedAsyncImage.swift */ = {isa = PBXFileReference; lastKnownFileType = sourcecode.swift; path = AuthorizedAsyncImage.swift; sourceTree = "<group>"; };
		891DAD122BE042CE0013679A /* ImageLoader.swift */ = {isa = PBXFileReference; lastKnownFileType = sourcecode.swift; path = ImageLoader.swift; sourceTree = "<group>"; };
		891DAD152BE060510013679A /* MovieListViewModel.swift */ = {isa = PBXFileReference; lastKnownFileType = sourcecode.swift; path = MovieListViewModel.swift; sourceTree = "<group>"; };
		891DAD172BE064880013679A /* MovieListView.swift */ = {isa = PBXFileReference; lastKnownFileType = sourcecode.swift; path = MovieListView.swift; sourceTree = "<group>"; };
		891DAD192BE06D670013679A /* AboutView.swift */ = {isa = PBXFileReference; lastKnownFileType = sourcecode.swift; path = AboutView.swift; sourceTree = "<group>"; };
		898D8F8F2C7788B70074BFD2 /* Player.swift */ = {isa = PBXFileReference; lastKnownFileType = sourcecode.swift; path = Player.swift; sourceTree = "<group>"; };
/* End PBXFileReference section */

/* Begin PBXFrameworksBuildPhase section */
		891DACCA2BE011390013679A /* Frameworks */ = {
			isa = PBXFrameworksBuildPhase;
			buildActionMask = 2147483647;
			files = (
			);
			runOnlyForDeploymentPostprocessing = 0;
		};
		891DACDB2BE0113A0013679A /* Frameworks */ = {
			isa = PBXFrameworksBuildPhase;
			buildActionMask = 2147483647;
			files = (
			);
			runOnlyForDeploymentPostprocessing = 0;
		};
		891DACE52BE0113A0013679A /* Frameworks */ = {
			isa = PBXFrameworksBuildPhase;
			buildActionMask = 2147483647;
			files = (
			);
			runOnlyForDeploymentPostprocessing = 0;
		};
/* End PBXFrameworksBuildPhase section */

/* Begin PBXGroup section */
		891DACC42BE011390013679A = {
			isa = PBXGroup;
			children = (
				891DACCF2BE011390013679A /* MovieList */,
				891DACE12BE0113A0013679A /* MovieListTests */,
				891DACEB2BE0113A0013679A /* MovieListUITests */,
				891DACCE2BE011390013679A /* Products */,
			);
			sourceTree = "<group>";
		};
		891DACCE2BE011390013679A /* Products */ = {
			isa = PBXGroup;
			children = (
				891DACCD2BE011390013679A /* MovieList.app */,
				891DACDE2BE0113A0013679A /* MovieListTests.xctest */,
				891DACE82BE0113A0013679A /* MovieListUITests.xctest */,
			);
			name = Products;
			sourceTree = "<group>";
		};
		891DACCF2BE011390013679A /* MovieList */ = {
			isa = PBXGroup;
			children = (
				891DAD062BE01B1D0013679A /* View */,
				891DAD012BE012A90013679A /* Network */,
				891DACFC2BE011680013679A /* Model */,
				891DACFB2BE011610013679A /* Domain */,
				891DACD02BE011390013679A /* MovieListApp.swift */,
				891DACD22BE011390013679A /* ContentView.swift */,
				891DACD42BE0113A0013679A /* Assets.xcassets */,
				891DACD62BE0113A0013679A /* MovieList.entitlements */,
				891DACD72BE0113A0013679A /* Preview Content */,
			);
			path = MovieList;
			sourceTree = "<group>";
		};
		891DACD72BE0113A0013679A /* Preview Content */ = {
			isa = PBXGroup;
			children = (
				891DACD82BE0113A0013679A /* Preview Assets.xcassets */,
			);
			path = "Preview Content";
			sourceTree = "<group>";
		};
		891DACE12BE0113A0013679A /* MovieListTests */ = {
			isa = PBXGroup;
			children = (
				891DACE22BE0113A0013679A /* MovieListTests.swift */,
			);
			path = MovieListTests;
			sourceTree = "<group>";
		};
		891DACEB2BE0113A0013679A /* MovieListUITests */ = {
			isa = PBXGroup;
			children = (
				891DACEC2BE0113A0013679A /* MovieListUITests.swift */,
				891DACEE2BE0113A0013679A /* MovieListUITestsLaunchTests.swift */,
			);
			path = MovieListUITests;
			sourceTree = "<group>";
		};
		891DACFB2BE011610013679A /* Domain */ = {
			isa = PBXGroup;
			children = (
				891DAD072BE01B2E0013679A /* MovieRequest.swift */,
				891DAD092BE021CE0013679A /* MovieAPI.swift */,
			);
			path = Domain;
			sourceTree = "<group>";
		};
		891DACFC2BE011680013679A /* Model */ = {
			isa = PBXGroup;
			children = (
				891DACFF2BE0118B0013679A /* Movie.swift */,
			);
			path = Model;
			sourceTree = "<group>";
		};
		891DAD012BE012A90013679A /* Network */ = {
			isa = PBXGroup;
			children = (
				891DAD022BE013880013679A /* NetworkManager.swift */,
				891DAD042BE0159B0013679A /* RequestProtocol.swift */,
				891DAD0B2BE0224B0013679A /* APIError.swift */,
			);
			path = Network;
			sourceTree = "<group>";
		};
		891DAD062BE01B1D0013679A /* View */ = {
			isa = PBXGroup;
			children = (
				891DAD142BE0603B0013679A /* MovieListView */,
				891DAD112BE042C30013679A /* AuthorizedAsyncImage */,
				891DAD0D2BE02D8C0013679A /* MovieView.swift */,
				891DAD192BE06D670013679A /* AboutView.swift */,
			);
			path = View;
			sourceTree = "<group>";
		};
		891DAD112BE042C30013679A /* AuthorizedAsyncImage */ = {
			isa = PBXGroup;
			children = (
				891DAD0F2BE042AE0013679A /* AuthorizedAsyncImage.swift */,
				891DAD122BE042CE0013679A /* ImageLoader.swift */,
			);
			path = AuthorizedAsyncImage;
			sourceTree = "<group>";
		};
		891DAD142BE0603B0013679A /* MovieListView */ = {
			isa = PBXGroup;
			children = (
				891DAD152BE060510013679A /* MovieListViewModel.swift */,
				891DAD172BE064880013679A /* MovieListView.swift */,
				898D8F8F2C7788B70074BFD2 /* Player.swift */,
			);
			path = MovieListView;
			sourceTree = "<group>";
		};
/* End PBXGroup section */

/* Begin PBXNativeTarget section */
		891DACCC2BE011390013679A /* MovieList */ = {
			isa = PBXNativeTarget;
			buildConfigurationList = 891DACF22BE0113A0013679A /* Build configuration list for PBXNativeTarget "MovieList" */;
			buildPhases = (
				891DACC92BE011390013679A /* Sources */,
				891DACCA2BE011390013679A /* Frameworks */,
				891DACCB2BE011390013679A /* Resources */,
			);
			buildRules = (
			);
			dependencies = (
			);
			name = MovieList;
			productName = MovieList;
			productReference = 891DACCD2BE011390013679A /* MovieList.app */;
			productType = "com.apple.product-type.application";
		};
		891DACDD2BE0113A0013679A /* MovieListTests */ = {
			isa = PBXNativeTarget;
			buildConfigurationList = 891DACF52BE0113A0013679A /* Build configuration list for PBXNativeTarget "MovieListTests" */;
			buildPhases = (
				891DACDA2BE0113A0013679A /* Sources */,
				891DACDB2BE0113A0013679A /* Frameworks */,
				891DACDC2BE0113A0013679A /* Resources */,
			);
			buildRules = (
			);
			dependencies = (
				891DACE02BE0113A0013679A /* PBXTargetDependency */,
			);
			name = MovieListTests;
			productName = MovieListTests;
			productReference = 891DACDE2BE0113A0013679A /* MovieListTests.xctest */;
			productType = "com.apple.product-type.bundle.unit-test";
		};
		891DACE72BE0113A0013679A /* MovieListUITests */ = {
			isa = PBXNativeTarget;
			buildConfigurationList = 891DACF82BE0113A0013679A /* Build configuration list for PBXNativeTarget "MovieListUITests" */;
			buildPhases = (
				891DACE42BE0113A0013679A /* Sources */,
				891DACE52BE0113A0013679A /* Frameworks */,
				891DACE62BE0113A0013679A /* Resources */,
			);
			buildRules = (
			);
			dependencies = (
				891DACEA2BE0113A0013679A /* PBXTargetDependency */,
			);
			name = MovieListUITests;
			productName = MovieListUITests;
			productReference = 891DACE82BE0113A0013679A /* MovieListUITests.xctest */;
			productType = "com.apple.product-type.bundle.ui-testing";
		};
/* End PBXNativeTarget section */

/* Begin PBXProject section */
		891DACC52BE011390013679A /* Project object */ = {
			isa = PBXProject;
			attributes = {
				BuildIndependentTargetsInParallel = 1;
				LastSwiftUpdateCheck = 1530;
				LastUpgradeCheck = 1530;
				TargetAttributes = {
					891DACCC2BE011390013679A = {
						CreatedOnToolsVersion = 15.3;
					};
					891DACDD2BE0113A0013679A = {
						CreatedOnToolsVersion = 15.3;
						TestTargetID = 891DACCC2BE011390013679A;
					};
					891DACE72BE0113A0013679A = {
						CreatedOnToolsVersion = 15.3;
						TestTargetID = 891DACCC2BE011390013679A;
					};
				};
			};
			buildConfigurationList = 891DACC82BE011390013679A /* Build configuration list for PBXProject "MovieList" */;
			compatibilityVersion = "Xcode 14.0";
			developmentRegion = en;
			hasScannedForEncodings = 0;
			knownRegions = (
				en,
				Base,
			);
			mainGroup = 891DACC42BE011390013679A;
			productRefGroup = 891DACCE2BE011390013679A /* Products */;
			projectDirPath = "";
			projectRoot = "";
			targets = (
				891DACCC2BE011390013679A /* MovieList */,
				891DACDD2BE0113A0013679A /* MovieListTests */,
				891DACE72BE0113A0013679A /* MovieListUITests */,
			);
		};
/* End PBXProject section */

/* Begin PBXResourcesBuildPhase section */
		891DACCB2BE011390013679A /* Resources */ = {
			isa = PBXResourcesBuildPhase;
			buildActionMask = 2147483647;
			files = (
				891DACD92BE0113A0013679A /* Preview Assets.xcassets in Resources */,
				891DACD52BE0113A0013679A /* Assets.xcassets in Resources */,
			);
			runOnlyForDeploymentPostprocessing = 0;
		};
		891DACDC2BE0113A0013679A /* Resources */ = {
			isa = PBXResourcesBuildPhase;
			buildActionMask = 2147483647;
			files = (
			);
			runOnlyForDeploymentPostprocessing = 0;
		};
		891DACE62BE0113A0013679A /* Resources */ = {
			isa = PBXResourcesBuildPhase;
			buildActionMask = 2147483647;
			files = (
			);
			runOnlyForDeploymentPostprocessing = 0;
		};
/* End PBXResourcesBuildPhase section */

/* Begin PBXSourcesBuildPhase section */
		891DACC92BE011390013679A /* Sources */ = {
			isa = PBXSourcesBuildPhase;
			buildActionMask = 2147483647;
			files = (
				891DAD032BE013880013679A /* NetworkManager.swift in Sources */,
				891DAD102BE042AE0013679A /* AuthorizedAsyncImage.swift in Sources */,
				891DAD0A2BE021CE0013679A /* MovieAPI.swift in Sources */,
				891DACD32BE011390013679A /* ContentView.swift in Sources */,
				891DAD082BE01B2E0013679A /* MovieRequest.swift in Sources */,
				891DAD132BE042CE0013679A /* ImageLoader.swift in Sources */,
				891DAD0E2BE02D8C0013679A /* MovieView.swift in Sources */,
				891DACD12BE011390013679A /* MovieListApp.swift in Sources */,
				891DAD1A2BE06D670013679A /* AboutView.swift in Sources */,
				891DAD0C2BE0224B0013679A /* APIError.swift in Sources */,
				891DAD002BE0118B0013679A /* Movie.swift in Sources */,
				891DAD182BE064880013679A /* MovieListView.swift in Sources */,
				891DAD052BE0159B0013679A /* RequestProtocol.swift in Sources */,
				898D8F902C7788B70074BFD2 /* Player.swift in Sources */,
				891DAD162BE060510013679A /* MovieListViewModel.swift in Sources */,
			);
			runOnlyForDeploymentPostprocessing = 0;
		};
		891DACDA2BE0113A0013679A /* Sources */ = {
			isa = PBXSourcesBuildPhase;
			buildActionMask = 2147483647;
			files = (
				891DACE32BE0113A0013679A /* MovieListTests.swift in Sources */,
			);
			runOnlyForDeploymentPostprocessing = 0;
		};
		891DACE42BE0113A0013679A /* Sources */ = {
			isa = PBXSourcesBuildPhase;
			buildActionMask = 2147483647;
			files = (
				891DACED2BE0113A0013679A /* MovieListUITests.swift in Sources */,
				891DACEF2BE0113A0013679A /* MovieListUITestsLaunchTests.swift in Sources */,
			);
			runOnlyForDeploymentPostprocessing = 0;
		};
/* End PBXSourcesBuildPhase section */

/* Begin PBXTargetDependency section */
		891DACE02BE0113A0013679A /* PBXTargetDependency */ = {
			isa = PBXTargetDependency;
			target = 891DACCC2BE011390013679A /* MovieList */;
			targetProxy = 891DACDF2BE0113A0013679A /* PBXContainerItemProxy */;
		};
		891DACEA2BE0113A0013679A /* PBXTargetDependency */ = {
			isa = PBXTargetDependency;
			target = 891DACCC2BE011390013679A /* MovieList */;
			targetProxy = 891DACE92BE0113A0013679A /* PBXContainerItemProxy */;
		};
/* End PBXTargetDependency section */

/* Begin XCBuildConfiguration section */
		891DACF02BE0113A0013679A /* Debug */ = {
			isa = XCBuildConfiguration;
			buildSettings = {
				ALWAYS_SEARCH_USER_PATHS = NO;
				ASSETCATALOG_COMPILER_GENERATE_SWIFT_ASSET_SYMBOL_EXTENSIONS = YES;
				CLANG_ANALYZER_NONNULL = YES;
				CLANG_ANALYZER_NUMBER_OBJECT_CONVERSION = YES_AGGRESSIVE;
				CLANG_CXX_LANGUAGE_STANDARD = "gnu++20";
				CLANG_ENABLE_MODULES = YES;
				CLANG_ENABLE_OBJC_ARC = YES;
				CLANG_ENABLE_OBJC_WEAK = YES;
				CLANG_WARN_BLOCK_CAPTURE_AUTORELEASING = YES;
				CLANG_WARN_BOOL_CONVERSION = YES;
				CLANG_WARN_COMMA = YES;
				CLANG_WARN_CONSTANT_CONVERSION = YES;
				CLANG_WARN_DEPRECATED_OBJC_IMPLEMENTATIONS = YES;
				CLANG_WARN_DIRECT_OBJC_ISA_USAGE = YES_ERROR;
				CLANG_WARN_DOCUMENTATION_COMMENTS = YES;
				CLANG_WARN_EMPTY_BODY = YES;
				CLANG_WARN_ENUM_CONVERSION = YES;
				CLANG_WARN_INFINITE_RECURSION = YES;
				CLANG_WARN_INT_CONVERSION = YES;
				CLANG_WARN_NON_LITERAL_NULL_CONVERSION = YES;
				CLANG_WARN_OBJC_IMPLICIT_RETAIN_SELF = YES;
				CLANG_WARN_OBJC_LITERAL_CONVERSION = YES;
				CLANG_WARN_OBJC_ROOT_CLASS = YES_ERROR;
				CLANG_WARN_QUOTED_INCLUDE_IN_FRAMEWORK_HEADER = YES;
				CLANG_WARN_RANGE_LOOP_ANALYSIS = YES;
				CLANG_WARN_STRICT_PROTOTYPES = YES;
				CLANG_WARN_SUSPICIOUS_MOVE = YES;
				CLANG_WARN_UNGUARDED_AVAILABILITY = YES_AGGRESSIVE;
				CLANG_WARN_UNREACHABLE_CODE = YES;
				CLANG_WARN__DUPLICATE_METHOD_MATCH = YES;
				COPY_PHASE_STRIP = NO;
				DEBUG_INFORMATION_FORMAT = dwarf;
				ENABLE_STRICT_OBJC_MSGSEND = YES;
				ENABLE_TESTABILITY = YES;
				ENABLE_USER_SCRIPT_SANDBOXING = YES;
				GCC_C_LANGUAGE_STANDARD = gnu17;
				GCC_DYNAMIC_NO_PIC = NO;
				GCC_NO_COMMON_BLOCKS = YES;
				GCC_OPTIMIZATION_LEVEL = 0;
				GCC_PREPROCESSOR_DEFINITIONS = (
					"DEBUG=1",
					"$(inherited)",
				);
				GCC_WARN_64_TO_32_BIT_CONVERSION = YES;
				GCC_WARN_ABOUT_RETURN_TYPE = YES_ERROR;
				GCC_WARN_UNDECLARED_SELECTOR = YES;
				GCC_WARN_UNINITIALIZED_AUTOS = YES_AGGRESSIVE;
				GCC_WARN_UNUSED_FUNCTION = YES;
				GCC_WARN_UNUSED_VARIABLE = YES;
				LOCALIZATION_PREFERS_STRING_CATALOGS = YES;
				MTL_ENABLE_DEBUG_INFO = INCLUDE_SOURCE;
				MTL_FAST_MATH = YES;
				ONLY_ACTIVE_ARCH = YES;
				SWIFT_ACTIVE_COMPILATION_CONDITIONS = "DEBUG $(inherited)";
				SWIFT_OPTIMIZATION_LEVEL = "-Onone";
			};
			name = Debug;
		};
		891DACF12BE0113A0013679A /* Release */ = {
			isa = XCBuildConfiguration;
			buildSettings = {
				ALWAYS_SEARCH_USER_PATHS = NO;
				ASSETCATALOG_COMPILER_GENERATE_SWIFT_ASSET_SYMBOL_EXTENSIONS = YES;
				CLANG_ANALYZER_NONNULL = YES;
				CLANG_ANALYZER_NUMBER_OBJECT_CONVERSION = YES_AGGRESSIVE;
				CLANG_CXX_LANGUAGE_STANDARD = "gnu++20";
				CLANG_ENABLE_MODULES = YES;
				CLANG_ENABLE_OBJC_ARC = YES;
				CLANG_ENABLE_OBJC_WEAK = YES;
				CLANG_WARN_BLOCK_CAPTURE_AUTORELEASING = YES;
				CLANG_WARN_BOOL_CONVERSION = YES;
				CLANG_WARN_COMMA = YES;
				CLANG_WARN_CONSTANT_CONVERSION = YES;
				CLANG_WARN_DEPRECATED_OBJC_IMPLEMENTATIONS = YES;
				CLANG_WARN_DIRECT_OBJC_ISA_USAGE = YES_ERROR;
				CLANG_WARN_DOCUMENTATION_COMMENTS = YES;
				CLANG_WARN_EMPTY_BODY = YES;
				CLANG_WARN_ENUM_CONVERSION = YES;
				CLANG_WARN_INFINITE_RECURSION = YES;
				CLANG_WARN_INT_CONVERSION = YES;
				CLANG_WARN_NON_LITERAL_NULL_CONVERSION = YES;
				CLANG_WARN_OBJC_IMPLICIT_RETAIN_SELF = YES;
				CLANG_WARN_OBJC_LITERAL_CONVERSION = YES;
				CLANG_WARN_OBJC_ROOT_CLASS = YES_ERROR;
				CLANG_WARN_QUOTED_INCLUDE_IN_FRAMEWORK_HEADER = YES;
				CLANG_WARN_RANGE_LOOP_ANALYSIS = YES;
				CLANG_WARN_STRICT_PROTOTYPES = YES;
				CLANG_WARN_SUSPICIOUS_MOVE = YES;
				CLANG_WARN_UNGUARDED_AVAILABILITY = YES_AGGRESSIVE;
				CLANG_WARN_UNREACHABLE_CODE = YES;
				CLANG_WARN__DUPLICATE_METHOD_MATCH = YES;
				COPY_PHASE_STRIP = NO;
				DEBUG_INFORMATION_FORMAT = "dwarf-with-dsym";
				ENABLE_NS_ASSERTIONS = NO;
				ENABLE_STRICT_OBJC_MSGSEND = YES;
				ENABLE_USER_SCRIPT_SANDBOXING = YES;
				GCC_C_LANGUAGE_STANDARD = gnu17;
				GCC_NO_COMMON_BLOCKS = YES;
				GCC_WARN_64_TO_32_BIT_CONVERSION = YES;
				GCC_WARN_ABOUT_RETURN_TYPE = YES_ERROR;
				GCC_WARN_UNDECLARED_SELECTOR = YES;
				GCC_WARN_UNINITIALIZED_AUTOS = YES_AGGRESSIVE;
				GCC_WARN_UNUSED_FUNCTION = YES;
				GCC_WARN_UNUSED_VARIABLE = YES;
				LOCALIZATION_PREFERS_STRING_CATALOGS = YES;
				MTL_ENABLE_DEBUG_INFO = NO;
				MTL_FAST_MATH = YES;
				SWIFT_COMPILATION_MODE = wholemodule;
			};
			name = Release;
		};
		891DACF32BE0113A0013679A /* Debug */ = {
			isa = XCBuildConfiguration;
			buildSettings = {
				ASSETCATALOG_COMPILER_APPICON_NAME = AppIcon;
				ASSETCATALOG_COMPILER_GLOBAL_ACCENT_COLOR_NAME = AccentColor;
				CODE_SIGN_ENTITLEMENTS = MovieList/MovieList.entitlements;
				CODE_SIGN_STYLE = Automatic;
				CURRENT_PROJECT_VERSION = 1;
				DEVELOPMENT_ASSET_PATHS = "\"MovieList/Preview Content\"";
				DEVELOPMENT_TEAM = SV8M93ZRDQ;
				ENABLE_HARDENED_RUNTIME = YES;
				ENABLE_PREVIEWS = YES;
				GENERATE_INFOPLIST_FILE = YES;
				"INFOPLIST_KEY_UIApplicationSceneManifest_Generation[sdk=iphoneos*]" = YES;
				"INFOPLIST_KEY_UIApplicationSceneManifest_Generation[sdk=iphonesimulator*]" = YES;
				"INFOPLIST_KEY_UIApplicationSupportsIndirectInputEvents[sdk=iphoneos*]" = YES;
				"INFOPLIST_KEY_UIApplicationSupportsIndirectInputEvents[sdk=iphonesimulator*]" = YES;
				"INFOPLIST_KEY_UILaunchScreen_Generation[sdk=iphoneos*]" = YES;
				"INFOPLIST_KEY_UILaunchScreen_Generation[sdk=iphonesimulator*]" = YES;
				"INFOPLIST_KEY_UIStatusBarStyle[sdk=iphoneos*]" = UIStatusBarStyleDefault;
				"INFOPLIST_KEY_UIStatusBarStyle[sdk=iphonesimulator*]" = UIStatusBarStyleDefault;
				INFOPLIST_KEY_UISupportedInterfaceOrientations_iPad = "UIInterfaceOrientationPortrait UIInterfaceOrientationPortraitUpsideDown UIInterfaceOrientationLandscapeLeft UIInterfaceOrientationLandscapeRight";
				INFOPLIST_KEY_UISupportedInterfaceOrientations_iPhone = "UIInterfaceOrientationPortrait UIInterfaceOrientationLandscapeLeft UIInterfaceOrientationLandscapeRight";
				IPHONEOS_DEPLOYMENT_TARGET = 17.4;
				LD_RUNPATH_SEARCH_PATHS = "@executable_path/Frameworks";
				"LD_RUNPATH_SEARCH_PATHS[sdk=macosx*]" = "@executable_path/../Frameworks";
				MACOSX_DEPLOYMENT_TARGET = 14.0;
				MARKETING_VERSION = 1.0;
				PRODUCT_BUNDLE_IDENTIFIER = negar.MovieList;
				PRODUCT_NAME = "$(TARGET_NAME)";
				SDKROOT = auto;
				SUPPORTED_PLATFORMS = "iphoneos iphonesimulator macosx";
				SWIFT_EMIT_LOC_STRINGS = YES;
				SWIFT_VERSION = 5.0;
				TARGETED_DEVICE_FAMILY = "1,2";
			};
			name = Debug;
		};
		891DACF42BE0113A0013679A /* Release */ = {
			isa = XCBuildConfiguration;
			buildSettings = {
				ASSETCATALOG_COMPILER_APPICON_NAME = AppIcon;
				ASSETCATALOG_COMPILER_GLOBAL_ACCENT_COLOR_NAME = AccentColor;
				CODE_SIGN_ENTITLEMENTS = MovieList/MovieList.entitlements;
				CODE_SIGN_STYLE = Automatic;
				CURRENT_PROJECT_VERSION = 1;
				DEVELOPMENT_ASSET_PATHS = "\"MovieList/Preview Content\"";
				DEVELOPMENT_TEAM = SV8M93ZRDQ;
				ENABLE_HARDENED_RUNTIME = YES;
				ENABLE_PREVIEWS = YES;
				GENERATE_INFOPLIST_FILE = YES;
				"INFOPLIST_KEY_UIApplicationSceneManifest_Generation[sdk=iphoneos*]" = YES;
				"INFOPLIST_KEY_UIApplicationSceneManifest_Generation[sdk=iphonesimulator*]" = YES;
				"INFOPLIST_KEY_UIApplicationSupportsIndirectInputEvents[sdk=iphoneos*]" = YES;
				"INFOPLIST_KEY_UIApplicationSupportsIndirectInputEvents[sdk=iphonesimulator*]" = YES;
				"INFOPLIST_KEY_UILaunchScreen_Generation[sdk=iphoneos*]" = YES;
				"INFOPLIST_KEY_UILaunchScreen_Generation[sdk=iphonesimulator*]" = YES;
				"INFOPLIST_KEY_UIStatusBarStyle[sdk=iphoneos*]" = UIStatusBarStyleDefault;
				"INFOPLIST_KEY_UIStatusBarStyle[sdk=iphonesimulator*]" = UIStatusBarStyleDefault;
				INFOPLIST_KEY_UISupportedInterfaceOrientations_iPad = "UIInterfaceOrientationPortrait UIInterfaceOrientationPortraitUpsideDown UIInterfaceOrientationLandscapeLeft UIInterfaceOrientationLandscapeRight";
				INFOPLIST_KEY_UISupportedInterfaceOrientations_iPhone = "UIInterfaceOrientationPortrait UIInterfaceOrientationLandscapeLeft UIInterfaceOrientationLandscapeRight";
				IPHONEOS_DEPLOYMENT_TARGET = 17.4;
				LD_RUNPATH_SEARCH_PATHS = "@executable_path/Frameworks";
				"LD_RUNPATH_SEARCH_PATHS[sdk=macosx*]" = "@executable_path/../Frameworks";
				MACOSX_DEPLOYMENT_TARGET = 14.0;
				MARKETING_VERSION = 1.0;
				PRODUCT_BUNDLE_IDENTIFIER = negar.MovieList;
				PRODUCT_NAME = "$(TARGET_NAME)";
				SDKROOT = auto;
				SUPPORTED_PLATFORMS = "iphoneos iphonesimulator macosx";
				SWIFT_EMIT_LOC_STRINGS = YES;
				SWIFT_VERSION = 5.0;
				TARGETED_DEVICE_FAMILY = "1,2";
			};
			name = Release;
		};
		891DACF62BE0113A0013679A /* Debug */ = {
			isa = XCBuildConfiguration;
			buildSettings = {
				ALWAYS_EMBED_SWIFT_STANDARD_LIBRARIES = YES;
				BUNDLE_LOADER = "$(TEST_HOST)";
				CODE_SIGN_STYLE = Automatic;
				CURRENT_PROJECT_VERSION = 1;
				DEVELOPMENT_TEAM = SV8M93ZRDQ;
				GENERATE_INFOPLIST_FILE = YES;
				IPHONEOS_DEPLOYMENT_TARGET = 17.4;
				MACOSX_DEPLOYMENT_TARGET = 14.0;
				MARKETING_VERSION = 1.0;
				PRODUCT_BUNDLE_IDENTIFIER = negar.MovieListTests;
				PRODUCT_NAME = "$(TARGET_NAME)";
				SDKROOT = auto;
				SUPPORTED_PLATFORMS = "iphoneos iphonesimulator macosx";
				SWIFT_EMIT_LOC_STRINGS = NO;
				SWIFT_VERSION = 5.0;
				TARGETED_DEVICE_FAMILY = "1,2";
				TEST_HOST = "$(BUILT_PRODUCTS_DIR)/MovieList.app/$(BUNDLE_EXECUTABLE_FOLDER_PATH)/MovieList";
			};
			name = Debug;
		};
		891DACF72BE0113A0013679A /* Release */ = {
			isa = XCBuildConfiguration;
			buildSettings = {
				ALWAYS_EMBED_SWIFT_STANDARD_LIBRARIES = YES;
				BUNDLE_LOADER = "$(TEST_HOST)";
				CODE_SIGN_STYLE = Automatic;
				CURRENT_PROJECT_VERSION = 1;
				DEVELOPMENT_TEAM = SV8M93ZRDQ;
				GENERATE_INFOPLIST_FILE = YES;
				IPHONEOS_DEPLOYMENT_TARGET = 17.4;
				MACOSX_DEPLOYMENT_TARGET = 14.0;
				MARKETING_VERSION = 1.0;
				PRODUCT_BUNDLE_IDENTIFIER = negar.MovieListTests;
				PRODUCT_NAME = "$(TARGET_NAME)";
				SDKROOT = auto;
				SUPPORTED_PLATFORMS = "iphoneos iphonesimulator macosx";
				SWIFT_EMIT_LOC_STRINGS = NO;
				SWIFT_VERSION = 5.0;
				TARGETED_DEVICE_FAMILY = "1,2";
				TEST_HOST = "$(BUILT_PRODUCTS_DIR)/MovieList.app/$(BUNDLE_EXECUTABLE_FOLDER_PATH)/MovieList";
			};
			name = Release;
		};
		891DACF92BE0113A0013679A /* Debug */ = {
			isa = XCBuildConfiguration;
			buildSettings = {
				ALWAYS_EMBED_SWIFT_STANDARD_LIBRARIES = YES;
				CODE_SIGN_STYLE = Automatic;
				CURRENT_PROJECT_VERSION = 1;
				DEVELOPMENT_TEAM = SV8M93ZRDQ;
				GENERATE_INFOPLIST_FILE = YES;
				IPHONEOS_DEPLOYMENT_TARGET = 17.4;
				MACOSX_DEPLOYMENT_TARGET = 14.0;
				MARKETING_VERSION = 1.0;
				PRODUCT_BUNDLE_IDENTIFIER = negar.MovieListUITests;
				PRODUCT_NAME = "$(TARGET_NAME)";
				SDKROOT = auto;
				SUPPORTED_PLATFORMS = "iphoneos iphonesimulator macosx";
				SWIFT_EMIT_LOC_STRINGS = NO;
				SWIFT_VERSION = 5.0;
				TARGETED_DEVICE_FAMILY = "1,2";
				TEST_TARGET_NAME = MovieList;
			};
			name = Debug;
		};
		891DACFA2BE0113A0013679A /* Release */ = {
			isa = XCBuildConfiguration;
			buildSettings = {
				ALWAYS_EMBED_SWIFT_STANDARD_LIBRARIES = YES;
				CODE_SIGN_STYLE = Automatic;
				CURRENT_PROJECT_VERSION = 1;
				DEVELOPMENT_TEAM = SV8M93ZRDQ;
				GENERATE_INFOPLIST_FILE = YES;
				IPHONEOS_DEPLOYMENT_TARGET = 17.4;
				MACOSX_DEPLOYMENT_TARGET = 14.0;
				MARKETING_VERSION = 1.0;
				PRODUCT_BUNDLE_IDENTIFIER = negar.MovieListUITests;
				PRODUCT_NAME = "$(TARGET_NAME)";
				SDKROOT = auto;
				SUPPORTED_PLATFORMS = "iphoneos iphonesimulator macosx";
				SWIFT_EMIT_LOC_STRINGS = NO;
				SWIFT_VERSION = 5.0;
				TARGETED_DEVICE_FAMILY = "1,2";
				TEST_TARGET_NAME = MovieList;
			};
			name = Release;
		};
/* End XCBuildConfiguration section */

/* Begin XCConfigurationList section */
		891DACC82BE011390013679A /* Build configuration list for PBXProject "MovieList" */ = {
			isa = XCConfigurationList;
			buildConfigurations = (
				891DACF02BE0113A0013679A /* Debug */,
				891DACF12BE0113A0013679A /* Release */,
			);
			defaultConfigurationIsVisible = 0;
			defaultConfigurationName = Release;
		};
		891DACF22BE0113A0013679A /* Build configuration list for PBXNativeTarget "MovieList" */ = {
			isa = XCConfigurationList;
			buildConfigurations = (
				891DACF32BE0113A0013679A /* Debug */,
				891DACF42BE0113A0013679A /* Release */,
			);
			defaultConfigurationIsVisible = 0;
			defaultConfigurationName = Release;
		};
		891DACF52BE0113A0013679A /* Build configuration list for PBXNativeTarget "MovieListTests" */ = {
			isa = XCConfigurationList;
			buildConfigurations = (
				891DACF62BE0113A0013679A /* Debug */,
				891DACF72BE0113A0013679A /* Release */,
			);
			defaultConfigurationIsVisible = 0;
			defaultConfigurationName = Release;
		};
		891DACF82BE0113A0013679A /* Build configuration list for PBXNativeTarget "MovieListUITests" */ = {
			isa = XCConfigurationList;
			buildConfigurations = (
				891DACF92BE0113A0013679A /* Debug */,
				891DACFA2BE0113A0013679A /* Release */,
			);
			defaultConfigurationIsVisible = 0;
			defaultConfigurationName = Release;
		};
/* End XCConfigurationList section */
	};
	rootObject = 891DACC52BE011390013679A /* Project object */;
}
