// !$*UTF8*$!
{
	archiveVersion = 1;
	classes = {
	};
	objectVersion = 70;
	objects = {

/* Begin PBXBuildFile section */
		891DACD12BE011390013679A /* MovieListApp.swift in Sources */ = {isa = PBXBuildFile; fileRef = 891DACD02BE011390013679A /* MovieListApp.swift */; };
		891DACD32BE011390013679A /* ContentView.swift in Sources */ = {isa = PBXBuildFile; fileRef = 891DACD22BE011390013679A /* ContentView.swift */; };
		891DACD52BE0113A0013679A /* Assets.xcassets in Resources */ = {isa = PBXBuildFile; fileRef = 891DACD42BE0113A0013679A /* Assets.xcassets */; };
		891DACD92BE0113A0013679A /* Preview Assets.xcassets in Resources */ = {isa = PBXBuildFile; fileRef = 891DACD82BE0113A0013679A /* Preview Assets.xcassets */; };
		891DAD002BE0118B0013679A /* Movie.swift in Sources */ = {isa = PBXBuildFile; fileRef = 891DACFF2BE0118B0013679A /* Movie.swift */; };
		891DAD082BE01B2E0013679A /* MovieRequest.swift in Sources */ = {isa = PBXBuildFile; fileRef = 891DAD072BE01B2E0013679A /* MovieRequest.swift */; };
		891DAD0A2BE021CE0013679A /* MovieAPI.swift in Sources */ = {isa = PBXBuildFile; fileRef = 891DAD092BE021CE0013679A /* MovieAPI.swift */; };
		891DAD0E2BE02D8C0013679A /* MovieView.swift in Sources */ = {isa = PBXBuildFile; fileRef = 891DAD0D2BE02D8C0013679A /* MovieView.swift */; };
		891DAD102BE042AE0013679A /* AuthorizedAsyncImage.swift in Sources */ = {isa = PBXBuildFile; fileRef = 891DAD0F2BE042AE0013679A /* AuthorizedAsyncImage.swift */; };
		891DAD132BE042CE0013679A /* ImageLoader.swift in Sources */ = {isa = PBXBuildFile; fileRef = 891DAD122BE042CE0013679A /* ImageLoader.swift */; };
		891DAD162BE060510013679A /* MovieListViewModel.swift in Sources */ = {isa = PBXBuildFile; fileRef = 891DAD152BE060510013679A /* MovieListViewModel.swift */; };
		891DAD182BE064880013679A /* MovieListView.swift in Sources */ = {isa = PBXBuildFile; fileRef = 891DAD172BE064880013679A /* MovieListView.swift */; };
		891DAD1A2BE06D670013679A /* AboutView.swift in Sources */ = {isa = PBXBuildFile; fileRef = 891DAD192BE06D670013679A /* AboutView.swift */; };
		8962B68F2DF43D0600AE5158 /* Network in Frameworks */ = {isa = PBXBuildFile; productRef = 8962B68E2DF43D0600AE5158 /* Network */; };
		8962B6922DF444E800AE5158 /* Network in Frameworks */ = {isa = PBXBuildFile; productRef = 8962B6912DF444E800AE5158 /* Network */; };
		8962B6942DF4451300AE5158 /* NetworkConstants.swift in Sources */ = {isa = PBXBuildFile; fileRef = 8962B6932DF4450F00AE5158 /* NetworkConstants.swift */; };
		8962B6972DF4480200AE5158 /* Network in Frameworks */ = {isa = PBXBuildFile; productRef = 8962B6962DF4480200AE5158 /* Network */; };
/* End PBXBuildFile section */

/* Begin PBXContainerItemProxy section */
		89DD6A252DF4B207006CC2DC /* PBXContainerItemProxy */ = {
			isa = PBXContainerItemProxy;
			containerPortal = 891DACC52BE011390013679A /* Project object */;
			proxyType = 1;
			remoteGlobalIDString = 891DACCC2BE011390013679A;
			remoteInfo = MovieList;
		};
/* End PBXContainerItemProxy section */

/* Begin PBXFileReference section */
		891DACCD2BE011390013679A /* MovieList.app */ = {isa = PBXFileReference; explicitFileType = wrapper.application; includeInIndex = 0; path = MovieList.app; sourceTree = BUILT_PRODUCTS_DIR; };
		891DACD02BE011390013679A /* MovieListApp.swift */ = {isa = PBXFileReference; lastKnownFileType = sourcecode.swift; path = MovieListApp.swift; sourceTree = "<group>"; };
		891DACD22BE011390013679A /* ContentView.swift */ = {isa = PBXFileReference; lastKnownFileType = sourcecode.swift; path = ContentView.swift; sourceTree = "<group>"; };
		891DACD42BE0113A0013679A /* Assets.xcassets */ = {isa = PBXFileReference; lastKnownFileType = folder.assetcatalog; path = Assets.xcassets; sourceTree = "<group>"; };
		891DACD62BE0113A0013679A /* MovieList.entitlements */ = {isa = PBXFileReference; lastKnownFileType = text.plist.entitlements; path = MovieList.entitlements; sourceTree = "<group>"; };
		891DACD82BE0113A0013679A /* Preview Assets.xcassets */ = {isa = PBXFileReference; lastKnownFileType = folder.assetcatalog; path = "Preview Assets.xcassets"; sourceTree = "<group>"; };
		891DACFF2BE0118B0013679A /* Movie.swift */ = {isa = PBXFileReference; lastKnownFileType = sourcecode.swift; path = Movie.swift; sourceTree = "<group>"; };
		891DAD072BE01B2E0013679A /* MovieRequest.swift */ = {isa = PBXFileReference; lastKnownFileType = sourcecode.swift; path = MovieRequest.swift; sourceTree = "<group>"; };
		891DAD092BE021CE0013679A /* MovieAPI.swift */ = {isa = PBXFileReference; lastKnownFileType = sourcecode.swift; path = MovieAPI.swift; sourceTree = "<group>"; };
		891DAD0D2BE02D8C0013679A /* MovieView.swift */ = {isa = PBXFileReference; lastKnownFileType = sourcecode.swift; path = MovieView.swift; sourceTree = "<group>"; };
		891DAD0F2BE042AE0013679A /* AuthorizedAsyncImage.swift */ = {isa = PBXFileReference; lastKnownFileType = sourcecode.swift; path = AuthorizedAsyncImage.swift; sourceTree = "<group>"; };
		891DAD122BE042CE0013679A /* ImageLoader.swift */ = {isa = PBXFileReference; lastKnownFileType = sourcecode.swift; path = ImageLoader.swift; sourceTree = "<group>"; };
		891DAD152BE060510013679A /* MovieListViewModel.swift */ = {isa = PBXFileReference; lastKnownFileType = sourcecode.swift; path = MovieListViewModel.swift; sourceTree = "<group>"; };
		891DAD172BE064880013679A /* MovieListView.swift */ = {isa = PBXFileReference; lastKnownFileType = sourcecode.swift; path = MovieListView.swift; sourceTree = "<group>"; };
		891DAD192BE06D670013679A /* AboutView.swift */ = {isa = PBXFileReference; lastKnownFileType = sourcecode.swift; path = AboutView.swift; sourceTree = "<group>"; };
		8962B6932DF4450F00AE5158 /* NetworkConstants.swift */ = {isa = PBXFileReference; lastKnownFileType = sourcecode.swift; path = NetworkConstants.swift; sourceTree = "<group>"; };
		89DD6A212DF4B207006CC2DC /* MovieListTests.xctest */ = {isa = PBXFileReference; explicitFileType = wrapper.cfbundle; includeInIndex = 0; path = MovieListTests.xctest; sourceTree = BUILT_PRODUCTS_DIR; };
/* End PBXFileReference section */

/* Begin PBXFileSystemSynchronizedRootGroup section */
		89DD6A222DF4B207006CC2DC /* MovieListTests */ = {isa = PBXFileSystemSynchronizedRootGroup; explicitFileTypes = {}; explicitFolders = (); path = MovieListTests; sourceTree = "<group>"; };
/* End PBXFileSystemSynchronizedRootGroup section */

/* Begin PBXFrameworksBuildPhase section */
		891DACCA2BE011390013679A /* Frameworks */ = {
			isa = PBXFrameworksBuildPhase;
			buildActionMask = 2147483647;
			files = (
				8962B6972DF4480200AE5158 /* Network in Frameworks */,
				8962B68F2DF43D0600AE5158 /* Network in Frameworks */,
				8962B6922DF444E800AE5158 /* Network in Frameworks */,
			);
			runOnlyForDeploymentPostprocessing = 0;
		};
		89DD6A1E2DF4B207006CC2DC /* Frameworks */ = {
			isa = PBXFrameworksBuildPhase;
			buildActionMask = 2147483647;
			files = (
			);
			runOnlyForDeploymentPostprocessing = 0;
		};
/* End PBXFrameworksBuildPhase section */

/* Begin PBXGroup section */
		891DACC42BE011390013679A = {
			isa = PBXGroup;
			children = (
				891DACCF2BE011390013679A /* MovieList */,
				89DD6A222DF4B207006CC2DC /* MovieListTests */,
				891DACCE2BE011390013679A /* Products */,
			);
			sourceTree = "<group>";
		};
		891DACCE2BE011390013679A /* Products */ = {
			isa = PBXGroup;
			children = (
				891DACCD2BE011390013679A /* MovieList.app */,
				89DD6A212DF4B207006CC2DC /* MovieListTests.xctest */,
			);
			name = Products;
			sourceTree = "<group>";
		};
		891DACCF2BE011390013679A /* MovieList */ = {
			isa = PBXGroup;
			children = (
				891DAD062BE01B1D0013679A /* View */,
				891DACFC2BE011680013679A /* Model */,
				891DACFB2BE011610013679A /* Domain */,
				891DACD02BE011390013679A /* MovieListApp.swift */,
				891DACD22BE011390013679A /* ContentView.swift */,
				891DACD42BE0113A0013679A /* Assets.xcassets */,
				891DACD62BE0113A0013679A /* MovieList.entitlements */,
				891DACD72BE0113A0013679A /* Preview Content */,
			);
			path = MovieList;
			sourceTree = "<group>";
		};
		891DACD72BE0113A0013679A /* Preview Content */ = {
			isa = PBXGroup;
			children = (
				891DACD82BE0113A0013679A /* Preview Assets.xcassets */,
			);
			path = "Preview Content";
			sourceTree = "<group>";
		};
		891DACFB2BE011610013679A /* Domain */ = {
			isa = PBXGroup;
			children = (
				8962B6932DF4450F00AE5158 /* NetworkConstants.swift */,
				891DAD072BE01B2E0013679A /* MovieRequest.swift */,
				891DAD092BE021CE0013679A /* MovieAPI.swift */,
			);
			path = Domain;
			sourceTree = "<group>";
		};
		891DACFC2BE011680013679A /* Model */ = {
			isa = PBXGroup;
			children = (
				891DACFF2BE0118B0013679A /* Movie.swift */,
			);
			path = Model;
			sourceTree = "<group>";
		};
		891DAD062BE01B1D0013679A /* View */ = {
			isa = PBXGroup;
			children = (
				891DAD142BE0603B0013679A /* MovieListView */,
				891DAD112BE042C30013679A /* AuthorizedAsyncImage */,
				891DAD0D2BE02D8C0013679A /* MovieView.swift */,
				891DAD192BE06D670013679A /* AboutView.swift */,
			);
			path = View;
			sourceTree = "<group>";
		};
		891DAD112BE042C30013679A /* AuthorizedAsyncImage */ = {
			isa = PBXGroup;
			children = (
				891DAD0F2BE042AE0013679A /* AuthorizedAsyncImage.swift */,
				891DAD122BE042CE0013679A /* ImageLoader.swift */,
			);
			path = AuthorizedAsyncImage;
			sourceTree = "<group>";
		};
		891DAD142BE0603B0013679A /* MovieListView */ = {
			isa = PBXGroup;
			children = (
				891DAD152BE060510013679A /* MovieListViewModel.swift */,
				891DAD172BE064880013679A /* MovieListView.swift */,
			);
			path = MovieListView;
			sourceTree = "<group>";
		};
/* End PBXGroup section */

/* Begin PBXNativeTarget section */
		891DACCC2BE011390013679A /* MovieList */ = {
			isa = PBXNativeTarget;
			buildConfigurationList = 891DACF22BE0113A0013679A /* Build configuration list for PBXNativeTarget "MovieList" */;
			buildPhases = (
				891DACC92BE011390013679A /* Sources */,
				891DACCA2BE011390013679A /* Frameworks */,
				891DACCB2BE011390013679A /* Resources */,
			);
			buildRules = (
			);
			dependencies = (
			);
			name = MovieList;
			productName = MovieList;
			productReference = 891DACCD2BE011390013679A /* MovieList.app */;
			productType = "com.apple.product-type.application";
		};
		89DD6A202DF4B207006CC2DC /* MovieListTests */ = {
			isa = PBXNativeTarget;
			buildConfigurationList = 89DD6A272DF4B207006CC2DC /* Build configuration list for PBXNativeTarget "MovieListTests" */;
			buildPhases = (
				89DD6A1D2DF4B207006CC2DC /* Sources */,
				89DD6A1E2DF4B207006CC2DC /* Frameworks */,
				89DD6A1F2DF4B207006CC2DC /* Resources */,
			);
			buildRules = (
			);
			dependencies = (
				89DD6A262DF4B207006CC2DC /* PBXTargetDependency */,
			);
			fileSystemSynchronizedGroups = (
				89DD6A222DF4B207006CC2DC /* MovieListTests */,
			);
			name = MovieListTests;
			packageProductDependencies = (
			);
			productName = MovieListTests;
			productReference = 89DD6A212DF4B207006CC2DC /* MovieListTests.xctest */;
			productType = "com.apple.product-type.bundle.unit-test";
		};
/* End PBXNativeTarget section */

/* Begin PBXProject section */
		891DACC52BE011390013679A /* Project object */ = {
			isa = PBXProject;
			attributes = {
				BuildIndependentTargetsInParallel = 1;
				LastSwiftUpdateCheck = 1640;
				LastUpgradeCheck = 1530;
				TargetAttributes = {
					891DACCC2BE011390013679A = {
						CreatedOnToolsVersion = 15.3;
					};
					89DD6A202DF4B207006CC2DC = {
						CreatedOnToolsVersion = 16.4;
						TestTargetID = 891DACCC2BE011390013679A;
					};
				};
			};
			buildConfigurationList = 891DACC82BE011390013679A /* Build configuration list for PBXProject "MovieList" */;
			compatibilityVersion = "Xcode 14.0";
			developmentRegion = en;
			hasScannedForEncodings = 0;
			knownRegions = (
				en,
				Base,
			);
			mainGroup = 891DACC42BE011390013679A;
			packageReferences = (
				8962B6952DF4480200AE5158 /* XCLocalSwiftPackageReference "../Network" */,
			);
			productRefGroup = 891DACCE2BE011390013679A /* Products */;
			projectDirPath = "";
			projectRoot = "";
			targets = (
				891DACCC2BE011390013679A /* MovieList */,
				89DD6A202DF4B207006CC2DC /* MovieListTests */,
			);
		};
/* End PBXProject section */

/* Begin PBXResourcesBuildPhase section */
		891DACCB2BE011390013679A /* Resources */ = {
			isa = PBXResourcesBuildPhase;
			buildActionMask = 2147483647;
			files = (
				891DACD92BE0113A0013679A /* Preview Assets.xcassets in Resources */,
				891DACD52BE0113A0013679A /* Assets.xcassets in Resources */,
			);
			runOnlyForDeploymentPostprocessing = 0;
		};
		89DD6A1F2DF4B207006CC2DC /* Resources */ = {
			isa = PBXResourcesBuildPhase;
			buildActionMask = 2147483647;
			files = (
			);
			runOnlyForDeploymentPostprocessing = 0;
		};
/* End PBXResourcesBuildPhase section */

/* Begin PBXSourcesBuildPhase section */
		891DACC92BE011390013679A /* Sources */ = {
			isa = PBXSourcesBuildPhase;
			buildActionMask = 2147483647;
			files = (
				8962B6942DF4451300AE5158 /* NetworkConstants.swift in Sources */,
				891DAD102BE042AE0013679A /* AuthorizedAsyncImage.swift in Sources */,
				891DAD0A2BE021CE0013679A /* MovieAPI.swift in Sources */,
				891DACD32BE011390013679A /* ContentView.swift in Sources */,
				891DAD082BE01B2E0013679A /* MovieRequest.swift in Sources */,
				891DAD132BE042CE0013679A /* ImageLoader.swift in Sources */,
				891DAD0E2BE02D8C0013679A /* MovieView.swift in Sources */,
				891DACD12BE011390013679A /* MovieListApp.swift in Sources */,
				891DAD1A2BE06D670013679A /* AboutView.swift in Sources */,
				891DAD002BE0118B0013679A /* Movie.swift in Sources */,
				891DAD182BE064880013679A /* MovieListView.swift in Sources */,
				891DAD162BE060510013679A /* MovieListViewModel.swift in Sources */,
			);
			runOnlyForDeploymentPostprocessing = 0;
		};
		89DD6A1D2DF4B207006CC2DC /* Sources */ = {
			isa = PBXSourcesBuildPhase;
			buildActionMask = 2147483647;
			files = (
			);
			runOnlyForDeploymentPostprocessing = 0;
		};
/* End PBXSourcesBuildPhase section */

/* Begin PBXTargetDependency section */
		89DD6A262DF4B207006CC2DC /* PBXTargetDependency */ = {
			isa = PBXTargetDependency;
			target = 891DACCC2BE011390013679A /* MovieList */;
			targetProxy = 89DD6A252DF4B207006CC2DC /* PBXContainerItemProxy */;
		};
/* End PBXTargetDependency section */

/* Begin XCBuildConfiguration section */
		891DACF02BE0113A0013679A /* Debug */ = {
			isa = XCBuildConfiguration;
			buildSettings = {
				ALWAYS_SEARCH_USER_PATHS = NO;
				ASSETCATALOG_COMPILER_GENERATE_SWIFT_ASSET_SYMBOL_EXTENSIONS = YES;
				CLANG_ANALYZER_NONNULL = YES;
				CLANG_ANALYZER_NUMBER_OBJECT_CONVERSION = YES_AGGRESSIVE;
				CLANG_CXX_LANGUAGE_STANDARD = "gnu++20";
				CLANG_ENABLE_MODULES = YES;
				CLANG_ENABLE_OBJC_ARC = YES;
				CLANG_ENABLE_OBJC_WEAK = YES;
				CLANG_WARN_BLOCK_CAPTURE_AUTORELEASING = YES;
				CLANG_WARN_BOOL_CONVERSION = YES;
				CLANG_WARN_COMMA = YES;
				CLANG_WARN_CONSTANT_CONVERSION = YES;
				CLANG_WARN_DEPRECATED_OBJC_IMPLEMENTATIONS = YES;
				CLANG_WARN_DIRECT_OBJC_ISA_USAGE = YES_ERROR;
				CLANG_WARN_DOCUMENTATION_COMMENTS = YES;
				CLANG_WARN_EMPTY_BODY = YES;
				CLANG_WARN_ENUM_CONVERSION = YES;
				CLANG_WARN_INFINITE_RECURSION = YES;
				CLANG_WARN_INT_CONVERSION = YES;
				CLANG_WARN_NON_LITERAL_NULL_CONVERSION = YES;
				CLANG_WARN_OBJC_IMPLICIT_RETAIN_SELF = YES;
				CLANG_WARN_OBJC_LITERAL_CONVERSION = YES;
				CLANG_WARN_OBJC_ROOT_CLASS = YES_ERROR;
				CLANG_WARN_QUOTED_INCLUDE_IN_FRAMEWORK_HEADER = YES;
				CLANG_WARN_RANGE_LOOP_ANALYSIS = YES;
				CLANG_WARN_STRICT_PROTOTYPES = YES;
				CLANG_WARN_SUSPICIOUS_MOVE = YES;
				CLANG_WARN_UNGUARDED_AVAILABILITY = YES_AGGRESSIVE;
				CLANG_WARN_UNREACHABLE_CODE = YES;
				CLANG_WARN__DUPLICATE_METHOD_MATCH = YES;
				COPY_PHASE_STRIP = NO;
				DEBUG_INFORMATION_FORMAT = dwarf;
				ENABLE_STRICT_OBJC_MSGSEND = YES;
				ENABLE_TESTABILITY = YES;
				ENABLE_USER_SCRIPT_SANDBOXING = YES;
				GCC_C_LANGUAGE_STANDARD = gnu17;
				GCC_DYNAMIC_NO_PIC = NO;
				GCC_NO_COMMON_BLOCKS = YES;
				GCC_OPTIMIZATION_LEVEL = 0;
				GCC_PREPROCESSOR_DEFINITIONS = (
					"DEBUG=1",
					"$(inherited)",
				);
				GCC_WARN_64_TO_32_BIT_CONVERSION = YES;
				GCC_WARN_ABOUT_RETURN_TYPE = YES_ERROR;
				GCC_WARN_UNDECLARED_SELECTOR = YES;
				GCC_WARN_UNINITIALIZED_AUTOS = YES_AGGRESSIVE;
				GCC_WARN_UNUSED_FUNCTION = YES;
				GCC_WARN_UNUSED_VARIABLE = YES;
				LOCALIZATION_PREFERS_STRING_CATALOGS = YES;
				MTL_ENABLE_DEBUG_INFO = INCLUDE_SOURCE;
				MTL_FAST_MATH = YES;
				ONLY_ACTIVE_ARCH = YES;
				SWIFT_ACTIVE_COMPILATION_CONDITIONS = "DEBUG $(inherited)";
				SWIFT_OPTIMIZATION_LEVEL = "-Onone";
			};
			name = Debug;
		};
		891DACF12BE0113A0013679A /* Release */ = {
			isa = XCBuildConfiguration;
			buildSettings = {
				ALWAYS_SEARCH_USER_PATHS = NO;
				ASSETCATALOG_COMPILER_GENERATE_SWIFT_ASSET_SYMBOL_EXTENSIONS = YES;
				CLANG_ANALYZER_NONNULL = YES;
				CLANG_ANALYZER_NUMBER_OBJECT_CONVERSION = YES_AGGRESSIVE;
				CLANG_CXX_LANGUAGE_STANDARD = "gnu++20";
				CLANG_ENABLE_MODULES = YES;
				CLANG_ENABLE_OBJC_ARC = YES;
				CLANG_ENABLE_OBJC_WEAK = YES;
				CLANG_WARN_BLOCK_CAPTURE_AUTORELEASING = YES;
				CLANG_WARN_BOOL_CONVERSION = YES;
				CLANG_WARN_COMMA = YES;
				CLANG_WARN_CONSTANT_CONVERSION = YES;
				CLANG_WARN_DEPRECATED_OBJC_IMPLEMENTATIONS = YES;
				CLANG_WARN_DIRECT_OBJC_ISA_USAGE = YES_ERROR;
				CLANG_WARN_DOCUMENTATION_COMMENTS = YES;
				CLANG_WARN_EMPTY_BODY = YES;
				CLANG_WARN_ENUM_CONVERSION = YES;
				CLANG_WARN_INFINITE_RECURSION = YES;
				CLANG_WARN_INT_CONVERSION = YES;
				CLANG_WARN_NON_LITERAL_NULL_CONVERSION = YES;
				CLANG_WARN_OBJC_IMPLICIT_RETAIN_SELF = YES;
				CLANG_WARN_OBJC_LITERAL_CONVERSION = YES;
				CLANG_WARN_OBJC_ROOT_CLASS = YES_ERROR;
				CLANG_WARN_QUOTED_INCLUDE_IN_FRAMEWORK_HEADER = YES;
				CLANG_WARN_RANGE_LOOP_ANALYSIS = YES;
				CLANG_WARN_STRICT_PROTOTYPES = YES;
				CLANG_WARN_SUSPICIOUS_MOVE = YES;
				CLANG_WARN_UNGUARDED_AVAILABILITY = YES_AGGRESSIVE;
				CLANG_WARN_UNREACHABLE_CODE = YES;
				CLANG_WARN__DUPLICATE_METHOD_MATCH = YES;
				COPY_PHASE_STRIP = NO;
				DEBUG_INFORMATION_FORMAT = "dwarf-with-dsym";
				ENABLE_NS_ASSERTIONS = NO;
				ENABLE_STRICT_OBJC_MSGSEND = YES;
				ENABLE_USER_SCRIPT_SANDBOXING = YES;
				GCC_C_LANGUAGE_STANDARD = gnu17;
				GCC_NO_COMMON_BLOCKS = YES;
				GCC_WARN_64_TO_32_BIT_CONVERSION = YES;
				GCC_WARN_ABOUT_RETURN_TYPE = YES_ERROR;
				GCC_WARN_UNDECLARED_SELECTOR = YES;
				GCC_WARN_UNINITIALIZED_AUTOS = YES_AGGRESSIVE;
				GCC_WARN_UNUSED_FUNCTION = YES;
				GCC_WARN_UNUSED_VARIABLE = YES;
				LOCALIZATION_PREFERS_STRING_CATALOGS = YES;
				MTL_ENABLE_DEBUG_INFO = NO;
				MTL_FAST_MATH = YES;
				SWIFT_COMPILATION_MODE = wholemodule;
			};
			name = Release;
		};
		891DACF32BE0113A0013679A /* Debug */ = {
			isa = XCBuildConfiguration;
			buildSettings = {
				ASSETCATALOG_COMPILER_APPICON_NAME = AppIcon;
				ASSETCATALOG_COMPILER_GLOBAL_ACCENT_COLOR_NAME = AccentColor;
				CODE_SIGN_ENTITLEMENTS = MovieList/MovieList.entitlements;
				CODE_SIGN_STYLE = Automatic;
				CURRENT_PROJECT_VERSION = 1;
				DEVELOPMENT_ASSET_PATHS = "\"MovieList/Preview Content\"";
				DEVELOPMENT_TEAM = SV8M93ZRDQ;
				ENABLE_HARDENED_RUNTIME = YES;
				ENABLE_PREVIEWS = YES;
				GENERATE_INFOPLIST_FILE = YES;
				"INFOPLIST_KEY_UIApplicationSceneManifest_Generation[sdk=iphoneos*]" = YES;
				"INFOPLIST_KEY_UIApplicationSceneManifest_Generation[sdk=iphonesimulator*]" = YES;
				"INFOPLIST_KEY_UIApplicationSupportsIndirectInputEvents[sdk=iphoneos*]" = YES;
				"INFOPLIST_KEY_UIApplicationSupportsIndirectInputEvents[sdk=iphonesimulator*]" = YES;
				"INFOPLIST_KEY_UILaunchScreen_Generation[sdk=iphoneos*]" = YES;
				"INFOPLIST_KEY_UILaunchScreen_Generation[sdk=iphonesimulator*]" = YES;
				"INFOPLIST_KEY_UIStatusBarStyle[sdk=iphoneos*]" = UIStatusBarStyleDefault;
				"INFOPLIST_KEY_UIStatusBarStyle[sdk=iphonesimulator*]" = UIStatusBarStyleDefault;
				INFOPLIST_KEY_UISupportedInterfaceOrientations_iPad = "UIInterfaceOrientationPortrait UIInterfaceOrientationPortraitUpsideDown UIInterfaceOrientationLandscapeLeft UIInterfaceOrientationLandscapeRight";
				INFOPLIST_KEY_UISupportedInterfaceOrientations_iPhone = "UIInterfaceOrientationPortrait UIInterfaceOrientationLandscapeLeft UIInterfaceOrientationLandscapeRight";
				IPHONEOS_DEPLOYMENT_TARGET = 16.6;
				LD_RUNPATH_SEARCH_PATHS = "@executable_path/Frameworks";
				"LD_RUNPATH_SEARCH_PATHS[sdk=macosx*]" = "@executable_path/../Frameworks";
				MACOSX_DEPLOYMENT_TARGET = 12.4;
				MARKETING_VERSION = 1.0;
				PRODUCT_BUNDLE_IDENTIFIER = negar.MovieList;
				PRODUCT_NAME = "$(TARGET_NAME)";
				SDKROOT = auto;
				SUPPORTED_PLATFORMS = "iphoneos iphonesimulator macosx";
				SWIFT_EMIT_LOC_STRINGS = YES;
				SWIFT_VERSION = 5.0;
				TARGETED_DEVICE_FAMILY = "1,2";
			};
			name = Debug;
		};
		891DACF42BE0113A0013679A /* Release */ = {
			isa = XCBuildConfiguration;
			buildSettings = {
				ASSETCATALOG_COMPILER_APPICON_NAME = AppIcon;
				ASSETCATALOG_COMPILER_GLOBAL_ACCENT_COLOR_NAME = AccentColor;
				CODE_SIGN_ENTITLEMENTS = MovieList/MovieList.entitlements;
				CODE_SIGN_STYLE = Automatic;
				CURRENT_PROJECT_VERSION = 1;
				DEVELOPMENT_ASSET_PATHS = "\"MovieList/Preview Content\"";
				DEVELOPMENT_TEAM = SV8M93ZRDQ;
				ENABLE_HARDENED_RUNTIME = YES;
				ENABLE_PREVIEWS = YES;
				GENERATE_INFOPLIST_FILE = YES;
				"INFOPLIST_KEY_UIApplicationSceneManifest_Generation[sdk=iphoneos*]" = YES;
				"INFOPLIST_KEY_UIApplicationSceneManifest_Generation[sdk=iphonesimulator*]" = YES;
				"INFOPLIST_KEY_UIApplicationSupportsIndirectInputEvents[sdk=iphoneos*]" = YES;
				"INFOPLIST_KEY_UIApplicationSupportsIndirectInputEvents[sdk=iphonesimulator*]" = YES;
				"INFOPLIST_KEY_UILaunchScreen_Generation[sdk=iphoneos*]" = YES;
				"INFOPLIST_KEY_UILaunchScreen_Generation[sdk=iphonesimulator*]" = YES;
				"INFOPLIST_KEY_UIStatusBarStyle[sdk=iphoneos*]" = UIStatusBarStyleDefault;
				"INFOPLIST_KEY_UIStatusBarStyle[sdk=iphonesimulator*]" = UIStatusBarStyleDefault;
				INFOPLIST_KEY_UISupportedInterfaceOrientations_iPad = "UIInterfaceOrientationPortrait UIInterfaceOrientationPortraitUpsideDown UIInterfaceOrientationLandscapeLeft UIInterfaceOrientationLandscapeRight";
				INFOPLIST_KEY_UISupportedInterfaceOrientations_iPhone = "UIInterfaceOrientationPortrait UIInterfaceOrientationLandscapeLeft UIInterfaceOrientationLandscapeRight";
				IPHONEOS_DEPLOYMENT_TARGET = 16.6;
				LD_RUNPATH_SEARCH_PATHS = "@executable_path/Frameworks";
				"LD_RUNPATH_SEARCH_PATHS[sdk=macosx*]" = "@executable_path/../Frameworks";
				MACOSX_DEPLOYMENT_TARGET = 12.4;
				MARKETING_VERSION = 1.0;
				PRODUCT_BUNDLE_IDENTIFIER = negar.MovieList;
				PRODUCT_NAME = "$(TARGET_NAME)";
				SDKROOT = auto;
				SUPPORTED_PLATFORMS = "iphoneos iphonesimulator macosx";
				SWIFT_EMIT_LOC_STRINGS = YES;
				SWIFT_VERSION = 5.0;
				TARGETED_DEVICE_FAMILY = "1,2";
			};
			name = Release;
		};
		89DD6A282DF4B207006CC2DC /* Debug */ = {
			isa = XCBuildConfiguration;
			buildSettings = {
				BUNDLE_LOADER = "$(TEST_HOST)";
				CODE_SIGN_STYLE = Automatic;
				CURRENT_PROJECT_VERSION = 1;
				GENERATE_INFOPLIST_FILE = YES;
				IPHONEOS_DEPLOYMENT_TARGET = 16.6;
				MARKETING_VERSION = 1.0;
				PRODUCT_BUNDLE_IDENTIFIER = tech.neocore.MovieListTests;
				PRODUCT_NAME = "$(TARGET_NAME)";
				SDKROOT = iphoneos;
				SWIFT_EMIT_LOC_STRINGS = NO;
				SWIFT_VERSION = 5.0;
				TARGETED_DEVICE_FAMILY = "1,2";
				TEST_HOST = "$(BUILT_PRODUCTS_DIR)/MovieList.app/$(BUNDLE_EXECUTABLE_FOLDER_PATH)/MovieList";
			};
			name = Debug;
		};
		89DD6A292DF4B207006CC2DC /* Release */ = {
			isa = XCBuildConfiguration;
			buildSettings = {
				BUNDLE_LOADER = "$(TEST_HOST)";
				CODE_SIGN_STYLE = Automatic;
				CURRENT_PROJECT_VERSION = 1;
				GENERATE_INFOPLIST_FILE = YES;
				IPHONEOS_DEPLOYMENT_TARGET = 16.6;
				MARKETING_VERSION = 1.0;
				PRODUCT_BUNDLE_IDENTIFIER = tech.neocore.MovieListTests;
				PRODUCT_NAME = "$(TARGET_NAME)";
				SDKROOT = iphoneos;
				SWIFT_EMIT_LOC_STRINGS = NO;
				SWIFT_VERSION = 5.0;
				TARGETED_DEVICE_FAMILY = "1,2";
				TEST_HOST = "$(BUILT_PRODUCTS_DIR)/MovieList.app/$(BUNDLE_EXECUTABLE_FOLDER_PATH)/MovieList";
				VALIDATE_PRODUCT = YES;
			};
			name = Release;
		};
/* End XCBuildConfiguration section */

/* Begin XCConfigurationList section */
		891DACC82BE011390013679A /* Build configuration list for PBXProject "MovieList" */ = {
			isa = XCConfigurationList;
			buildConfigurations = (
				891DACF02BE0113A0013679A /* Debug */,
				891DACF12BE0113A0013679A /* Release */,
			);
			defaultConfigurationIsVisible = 0;
			defaultConfigurationName = Release;
		};
		891DACF22BE0113A0013679A /* Build configuration list for PBXNativeTarget "MovieList" */ = {
			isa = XCConfigurationList;
			buildConfigurations = (
				891DACF32BE0113A0013679A /* Debug */,
				891DACF42BE0113A0013679A /* Release */,
			);
			defaultConfigurationIsVisible = 0;
			defaultConfigurationName = Release;
		};
		89DD6A272DF4B207006CC2DC /* Build configuration list for PBXNativeTarget "MovieListTests" */ = {
			isa = XCConfigurationList;
			buildConfigurations = (
				89DD6A282DF4B207006CC2DC /* Debug */,
				89DD6A292DF4B207006CC2DC /* Release */,
			);
			defaultConfigurationIsVisible = 0;
			defaultConfigurationName = Release;
		};
/* End XCConfigurationList section */

/* Begin XCLocalSwiftPackageReference section */
		8962B6952DF4480200AE5158 /* XCLocalSwiftPackageReference "../Network" */ = {
			isa = XCLocalSwiftPackageReference;
			relativePath = ../Network;
		};
/* End XCLocalSwiftPackageReference section */

/* Begin XCRemoteSwiftPackageReference section */
		8962B68D2DF43D0600AE5158 /* XCRemoteSwiftPackageReference "SDWebImage" */ = {
			isa = XCRemoteSwiftPackageReference;
			repositoryURL = "https://github.com/SDWebImage/SDWebImage.git";
			requirement = {
				kind = upToNextMajorVersion;
				minimumVersion = 5.21.0;
			};
		};
/* End XCRemoteSwiftPackageReference section */

/* Begin XCSwiftPackageProductDependency section */
		8962B68E2DF43D0600AE5158 /* Network */ = {
			isa = XCSwiftPackageProductDependency;
			package = 8962B68D2DF43D0600AE5158 /* XCRemoteSwiftPackageReference "SDWebImage" */;
			productName = Network;
		};
		8962B6912DF444E800AE5158 /* Network */ = {
			isa = XCSwiftPackageProductDependency;
			productName = Network;
		};
		8962B6962DF4480200AE5158 /* Network */ = {
			isa = XCSwiftPackageProductDependency;
			productName = Network;
		};
/* End XCSwiftPackageProductDependency section */
	};
	rootObject = 891DACC52BE011390013679A /* Project object */;
}
